{
    "hash": "0153a4e50fdad7804406c2239464a8fa",
    "packages": [
        {
            "package": "treshugart/testes",
            "version": "dev-master",
            "source-reference": "b7a9313cafffafc26764a0c3164f2e9049ef8e36",
            "commit-date": "1342060151"
        }
    ],
    "packages-dev": null,
    "aliases": [

    ],
    "minimum-stability": "stable",
    "stability-flags": {
        "treshugart/testes": 20
    }
}
