{
    "_readme": [
        "This file locks the dependencies of your project to a known state",
        "Read more about it at https://getcomposer.org/doc/01-basic-usage.md#composer-lock-the-lock-file",
        "This file is @generated automatically"
    ],
    "hash": "4159671be721ca6af14cc62071c1c83d",
    "content-hash": "c7e2bdf464caf1ccd02cc65aecf653ad",
    "packages": [],
    "packages-dev": [
        {
            "name": "devco/event-emitter",
            "version": "1.0.x-dev",
            "source": {
                "type": "git",
                "url": "https://github.com/devco/EventEmitter.git",
                "reference": "e4cef56f1fdd611fec41c7635b5bc2f1608cd497"
            },
            "dist": {
                "type": "zip",
                "url": "https://api.github.com/repos/devco/EventEmitter/zipball/e4cef56f1fdd611fec41c7635b5bc2f1608cd497",
                "reference": "e4cef56f1fdd611fec41c7635b5bc2f1608cd497",
                "shasum": ""
            },
            "require": {
                "php": ">=5.4.0"
            },
            "type": "library",
            "autoload": {
                "psr-0": {
                    "Nekoo": "src/"
                }
            },
            "notification-url": "https://packagist.org/downloads/",
            "license": [
                "MIT"
            ],
            "authors": [
                {
                    "name": "Christophe Robin",
                    "email": "crobin@nekoo.com"
                }
            ],
            "description": "Port of NodeJSs EventEmitter to PHP 5.4 using traits",
            "homepage": "https://github.com/christopherobin/EventEmitter",
            "keywords": [
                "event",
                "listener",
                "observer"
            ],
            "time": "2013-09-27 02:03:58"
        },
        {
            "name": "devco/testes",
            "version": "1.1.x-dev",
            "source": {
                "type": "git",
                "url": "https://github.com/devco/Testes.git",
                "reference": "a2b36c90c7699a73d5a08aaea940d1620ee364d7"
            },
            "dist": {
                "type": "zip",
                "url": "https://api.github.com/repos/devco/Testes/zipball/a2b36c90c7699a73d5a08aaea940d1620ee364d7",
                "reference": "a2b36c90c7699a73d5a08aaea940d1620ee364d7",
                "shasum": ""
            },
            "require": {
                "php": ">=5.4.0"
            },
            "require-dev": {
                "devco/event-emitter": "1.0.*-dev",
                "ext-xdebug": "*"
            },
            "type": "library",
            "autoload": {
                "psr-0": {
                    "Testes": "src"
                }
            },
            "notification-url": "https://packagist.org/downloads/",
            "license": [
                "MIT"
            ],
            "authors": [
                {
                    "name": "Trey Shugart",
                    "email": "treshugart@gmail.com",
                    "homepage": "http://iamtres.com",
                    "role": "Lead Developer"
                }
            ],
            "description": "Dead simple unit and story test framework.",
            "homepage": "http://github.com/treshugart/Testes",
            "keywords": [
                "BDD",
                "Behavior",
                "development",
                "driven",
                "story",
                "test",
                "testing",
                "unit"
            ],
            "time": "2013-09-27 05:00:15"
        }
    ],
    "aliases": [],
    "minimum-stability": "stable",
    "stability-flags": {
        "devco/testes": 20,
        "devco/event-emitter": 20
    },
    "prefer-stable": false,
    "prefer-lowest": false,
    "platform": {
        "php": ">=5.4.0"
    },
    "platform-dev": {
        "ext-memcache": ">=3.0.0"
    }
}
